
Microsoft Visual Studio Solution File, Format Version 12.00
# Visual Studio 15
VisualStudioVersion = 15.0.27428.2015
MinimumVisualStudioVersion = 10.0.40219.1
Project("{FAE04EC0-301F-11D3-BF4B-00C04F79EFBC}") = "CSharpCourses", "CSharpCourses\CSharpCourses.csproj", "{58F1A4F8-1D28-4DA5-8DB0-F118A936A6D6}"
EndProject
Project("{FAE04EC0-301F-11D3-BF4B-00C04F79EFBC}") = "GenericsExercise", "GenericsExercise\GenericsExercise.csproj", "{92411630-E490-4E5C-9672-D26DDE58B474}"
EndProject
Project("{FAE04EC0-301F-11D3-BF4B-00C04F79EFBC}") = "EnumExercise", "EnumExercise\EnumExercise.csproj", "{0D731489-0AEA-4B19-9987-B24EB5E05290}"
EndProject
Project("{FAE04EC0-301F-11D3-BF4B-00C04F79EFBC}") = "StructExercise", "StructExercise\StructExercise.csproj", "{8EAD5BBC-0C7D-4B7B-8E90-DF8C3D670D46}"
EndProject
Project("{FAE04EC0-301F-11D3-BF4B-00C04F79EFBC}") = "Lambda", "Lambda\Lambda.csproj", "{6DD46499-2C76-4652-B11C-A628004A627A}"
EndProject
Project("{FAE04EC0-301F-11D3-BF4B-00C04F79EFBC}") = "InputOutputExercise", "InputOutputExercise\InputOutputExercise.csproj", "{D2C4D57F-119A-471F-99C4-19E813327438}"
EndProject
Project("{FAE04EC0-301F-11D3-BF4B-00C04F79EFBC}") = "DateTimeExercise", "DateTimeExercise\DateTimeExercise.csproj", "{BE6D0B76-091F-4F93-A48E-310EEC0622FF}"
EndProject
Project("{FAE04EC0-301F-11D3-BF4B-00C04F79EFBC}") = "ConstVarChainConstructors", "ConstVarChainConstructors\ConstVarChainConstructors.csproj", "{4A872E7E-B41B-411A-906E-084F838BAA26}"
EndProject
Project("{FAE04EC0-301F-11D3-BF4B-00C04F79EFBC}") = "ExceptionHandling", "ExceptionHandling\ExceptionHandling.csproj", "{08C22333-3103-4871-B1E8-2B0B01AD9B81}"
EndProject
Global
	GlobalSection(SolutionConfigurationPlatforms) = preSolution
		Debug|Any CPU = Debug|Any CPU
		Release|Any CPU = Release|Any CPU
	EndGlobalSection
	GlobalSection(ProjectConfigurationPlatforms) = postSolution
		{58F1A4F8-1D28-4DA5-8DB0-F118A936A6D6}.Debug|Any CPU.ActiveCfg = Debug|Any CPU
		{58F1A4F8-1D28-4DA5-8DB0-F118A936A6D6}.Debug|Any CPU.Build.0 = Debug|Any CPU
		{58F1A4F8-1D28-4DA5-8DB0-F118A936A6D6}.Release|Any CPU.ActiveCfg = Release|Any CPU
		{58F1A4F8-1D28-4DA5-8DB0-F118A936A6D6}.Release|Any CPU.Build.0 = Release|Any CPU
		{92411630-E490-4E5C-9672-D26DDE58B474}.Debug|Any CPU.ActiveCfg = Debug|Any CPU
		{92411630-E490-4E5C-9672-D26DDE58B474}.Debug|Any CPU.Build.0 = Debug|Any CPU
		{92411630-E490-4E5C-9672-D26DDE58B474}.Release|Any CPU.ActiveCfg = Release|Any CPU
		{92411630-E490-4E5C-9672-D26DDE58B474}.Release|Any CPU.Build.0 = Release|Any CPU
		{0D731489-0AEA-4B19-9987-B24EB5E05290}.Debug|Any CPU.ActiveCfg = Debug|Any CPU
		{0D731489-0AEA-4B19-9987-B24EB5E05290}.Debug|Any CPU.Build.0 = Debug|Any CPU
		{0D731489-0AEA-4B19-9987-B24EB5E05290}.Release|Any CPU.ActiveCfg = Release|Any CPU
		{0D731489-0AEA-4B19-9987-B24EB5E05290}.Release|Any CPU.Build.0 = Release|Any CPU
		{8EAD5BBC-0C7D-4B7B-8E90-DF8C3D670D46}.Debug|Any CPU.ActiveCfg = Debug|Any CPU
		{8EAD5BBC-0C7D-4B7B-8E90-DF8C3D670D46}.Debug|Any CPU.Build.0 = Debug|Any CPU
		{8EAD5BBC-0C7D-4B7B-8E90-DF8C3D670D46}.Release|Any CPU.ActiveCfg = Release|Any CPU
		{8EAD5BBC-0C7D-4B7B-8E90-DF8C3D670D46}.Release|Any CPU.Build.0 = Release|Any CPU
		{6DD46499-2C76-4652-B11C-A628004A627A}.Debug|Any CPU.ActiveCfg = Debug|Any CPU
		{6DD46499-2C76-4652-B11C-A628004A627A}.Debug|Any CPU.Build.0 = Debug|Any CPU
		{6DD46499-2C76-4652-B11C-A628004A627A}.Release|Any CPU.ActiveCfg = Release|Any CPU
		{6DD46499-2C76-4652-B11C-A628004A627A}.Release|Any CPU.Build.0 = Release|Any CPU
		{D2C4D57F-119A-471F-99C4-19E813327438}.Debug|Any CPU.ActiveCfg = Debug|Any CPU
		{D2C4D57F-119A-471F-99C4-19E813327438}.Debug|Any CPU.Build.0 = Debug|Any CPU
		{D2C4D57F-119A-471F-99C4-19E813327438}.Release|Any CPU.ActiveCfg = Release|Any CPU
		{D2C4D57F-119A-471F-99C4-19E813327438}.Release|Any CPU.Build.0 = Release|Any CPU
		{BE6D0B76-091F-4F93-A48E-310EEC0622FF}.Debug|Any CPU.ActiveCfg = Debug|Any CPU
		{BE6D0B76-091F-4F93-A48E-310EEC0622FF}.Debug|Any CPU.Build.0 = Debug|Any CPU
		{BE6D0B76-091F-4F93-A48E-310EEC0622FF}.Release|Any CPU.ActiveCfg = Release|Any CPU
		{BE6D0B76-091F-4F93-A48E-310EEC0622FF}.Release|Any CPU.Build.0 = Release|Any CPU
		{4A872E7E-B41B-411A-906E-084F838BAA26}.Debug|Any CPU.ActiveCfg = Debug|Any CPU
		{4A872E7E-B41B-411A-906E-084F838BAA26}.Debug|Any CPU.Build.0 = Debug|Any CPU
		{4A872E7E-B41B-411A-906E-084F838BAA26}.Release|Any CPU.ActiveCfg = Release|Any CPU
		{4A872E7E-B41B-411A-906E-084F838BAA26}.Release|Any CPU.Build.0 = Release|Any CPU
		{08C22333-3103-4871-B1E8-2B0B01AD9B81}.Debug|Any CPU.ActiveCfg = Debug|Any CPU
		{08C22333-3103-4871-B1E8-2B0B01AD9B81}.Debug|Any CPU.Build.0 = Debug|Any CPU
		{08C22333-3103-4871-B1E8-2B0B01AD9B81}.Release|Any CPU.ActiveCfg = Release|Any CPU
		{08C22333-3103-4871-B1E8-2B0B01AD9B81}.Release|Any CPU.Build.0 = Release|Any CPU
	EndGlobalSection
	GlobalSection(SolutionProperties) = preSolution
		HideSolutionNode = FALSE
	EndGlobalSection
	GlobalSection(ExtensibilityGlobals) = postSolution
		SolutionGuid = {A9739D8A-0F27-47D9-A26B-127BFC7C6ABC}
	EndGlobalSection
EndGlobal
